
Microsoft Visual Studio Solution File, Format Version 12.00
# Visual Studio 16
VisualStudioVersion = 16.0.30320.27
MinimumVisualStudioVersion = 10.0.40219.1
Project("{FAE04EC0-301F-11D3-BF4B-00C04F79EFBC}") = "Intacct.SDK", "Intacct.SDK\Intacct.SDK.csproj", "{74FC603A-430B-453A-BEA1-1CD7FAE59E50}"
EndProject
Project("{FAE04EC0-301F-11D3-BF4B-00C04F79EFBC}") = "Intacct.SDK.Tests", "Intacct.SDK.Tests\Intacct.SDK.Tests.csproj", "{E3636424-5894-4B8C-8511-1BD5CDCF1074}"
EndProject
Global
	GlobalSection(SolutionConfigurationPlatforms) = preSolution
		Debug|Any CPU = Debug|Any CPU
		Release|Any CPU = Release|Any CPU
	EndGlobalSection
	GlobalSection(ProjectConfigurationPlatforms) = postSolution
		{74FC603A-430B-453A-BEA1-1CD7FAE59E50}.Debug|Any CPU.ActiveCfg = Debug|Any CPU
		{74FC603A-430B-453A-BEA1-1CD7FAE59E50}.Debug|Any CPU.Build.0 = Debug|Any CPU
		{74FC603A-430B-453A-BEA1-1CD7FAE59E50}.Release|Any CPU.ActiveCfg = Release|Any CPU
		{74FC603A-430B-453A-BEA1-1CD7FAE59E50}.Release|Any CPU.Build.0 = Release|Any CPU
		{E3636424-5894-4B8C-8511-1BD5CDCF1074}.Debug|Any CPU.ActiveCfg = Debug|Any CPU
		{E3636424-5894-4B8C-8511-1BD5CDCF1074}.Debug|Any CPU.Build.0 = Debug|Any CPU
		{E3636424-5894-4B8C-8511-1BD5CDCF1074}.Release|Any CPU.ActiveCfg = Release|Any CPU
	EndGlobalSection
	GlobalSection(SolutionProperties) = preSolution
		HideSolutionNode = FALSE
	EndGlobalSection
	GlobalSection(MonoDevelopProperties) = preSolution
		Policies = $0
		$0.DotNetNamingPolicy = $1
		$1.DirectoryNamespaceAssociation = PrefixedHierarchical
		$0.TextStylePolicy = $2
		$2.inheritsSet = null
		$2.scope = text/x-csharp
		$0.CSharpFormattingPolicy = $3
		$3.scope = text/x-csharp
		$0.TextStylePolicy = $4
		$4.FileWidth = 80
		$4.TabsToSpaces = True
		$4.scope = text/plain
		$0.TextStylePolicy = $5
		$5.inheritsSet = null
		$5.scope = text/csv
		$0.StandardHeader = $6
		$0.VersionControlPolicy = $7
	EndGlobalSection
EndGlobal
